
Microsoft Visual Studio Solution File, Format Version 12.00
# Visual Studio Version 17
VisualStudioVersion = 17.4.33213.308
MinimumVisualStudioVersion = 10.0.40219.1
Project("{9A19103F-16F7-4668-BE54-9A1E7A4F7556}") = "MagicVilla_VillaAPI", "MagicVilla_VillaAPI\MagicVilla_VillaAPI.csproj", "{ACAC8E14-F90B-4DCC-9A26-91AFC8B1506A}"
EndProject
Project("{9A19103F-16F7-4668-BE54-9A1E7A4F7556}") = "MagicVilla_Web", "MagicVilla_Web\MagicVilla_Web.csproj", "{46A02927-12E7-40B4-8B9A-9DD1F5A448F0}"
EndProject
Project("{FAE04EC0-301F-11D3-BF4B-00C04F79EFBC}") = "MagicVilla_Utility", "MagicVilla_Utility\MagicVilla_Utility.csproj", "{57C3C1E4-CC3F-473A-BD25-3FD906A989BF}"
EndProject
Global
	GlobalSection(SolutionConfigurationPlatforms) = preSolution
		Debug|Any CPU = Debug|Any CPU
		Release|Any CPU = Release|Any CPU
	EndGlobalSection
	GlobalSection(ProjectConfigurationPlatforms) = postSolution
		{ACAC8E14-F90B-4DCC-9A26-91AFC8B1506A}.Debug|Any CPU.ActiveCfg = Debug|Any CPU
		{ACAC8E14-F90B-4DCC-9A26-91AFC8B1506A}.Debug|Any CPU.Build.0 = Debug|Any CPU
		{ACAC8E14-F90B-4DCC-9A26-91AFC8B1506A}.Release|Any CPU.ActiveCfg = Release|Any CPU
		{ACAC8E14-F90B-4DCC-9A26-91AFC8B1506A}.Release|Any CPU.Build.0 = Release|Any CPU
		{46A02927-12E7-40B4-8B9A-9DD1F5A448F0}.Debug|Any CPU.ActiveCfg = Debug|Any CPU
		{46A02927-12E7-40B4-8B9A-9DD1F5A448F0}.Debug|Any CPU.Build.0 = Debug|Any CPU
		{46A02927-12E7-40B4-8B9A-9DD1F5A448F0}.Release|Any CPU.ActiveCfg = Release|Any CPU
		{46A02927-12E7-40B4-8B9A-9DD1F5A448F0}.Release|Any CPU.Build.0 = Release|Any CPU
		{57C3C1E4-CC3F-473A-BD25-3FD906A989BF}.Debug|Any CPU.ActiveCfg = Debug|Any CPU
		{57C3C1E4-CC3F-473A-BD25-3FD906A989BF}.Debug|Any CPU.Build.0 = Debug|Any CPU
		{57C3C1E4-CC3F-473A-BD25-3FD906A989BF}.Release|Any CPU.ActiveCfg = Release|Any CPU
		{57C3C1E4-CC3F-473A-BD25-3FD906A989BF}.Release|Any CPU.Build.0 = Release|Any CPU
	EndGlobalSection
	GlobalSection(SolutionProperties) = preSolution
		HideSolutionNode = FALSE
	EndGlobalSection
	GlobalSection(ExtensibilityGlobals) = postSolution
		SolutionGuid = {7C49B983-B45D-4A73-A496-3A2D89769570}
	EndGlobalSection
EndGlobal
